// !$*UTF8*$!
{
	archiveVersion = 1;
	classes = {
	};
	objectVersion = 52;
	objects = {

/* Begin PBXBuildFile section */
		16EB33F62664684300D1B568 /* SandyApp.swift in Sources */ = {isa = PBXBuildFile; fileRef = 16EB33F52664684300D1B568 /* SandyApp.swift */; };
		16EB33F82664684300D1B568 /* ContentView.swift in Sources */ = {isa = PBXBuildFile; fileRef = 16EB33F72664684300D1B568 /* ContentView.swift */; };
		16EB33FA2664684800D1B568 /* Assets.xcassets in Resources */ = {isa = PBXBuildFile; fileRef = 16EB33F92664684800D1B568 /* Assets.xcassets */; };
		16EB33FD2664684800D1B568 /* Preview Assets.xcassets in Resources */ = {isa = PBXBuildFile; fileRef = 16EB33FC2664684800D1B568 /* Preview Assets.xcassets */; };
		16EB34082664684800D1B568 /* SandyTests.swift in Sources */ = {isa = PBXBuildFile; fileRef = 16EB34072664684800D1B568 /* SandyTests.swift */; };
		16EB34132664684800D1B568 /* SandyUITests.swift in Sources */ = {isa = PBXBuildFile; fileRef = 16EB34122664684800D1B568 /* SandyUITests.swift */; };
		16EB342226647B4B00D1B568 /* SwiftUICharts in Frameworks */ = {isa = PBXBuildFile; productRef = 16EB342126647B4B00D1B568 /* SwiftUICharts */; };
		16EB3425266481D000D1B568 /* StockCharts in Frameworks */ = {isa = PBXBuildFile; productRef = 16EB3424266481D000D1B568 /* StockCharts */; };
/* End PBXBuildFile section */

/* Begin PBXContainerItemProxy section */
		16EB34042664684800D1B568 /* PBXContainerItemProxy */ = {
			isa = PBXContainerItemProxy;
			containerPortal = 16EB33EA2664684300D1B568 /* Project object */;
			proxyType = 1;
			remoteGlobalIDString = 16EB33F12664684300D1B568;
			remoteInfo = Sandy;
		};
		16EB340F2664684800D1B568 /* PBXContainerItemProxy */ = {
			isa = PBXContainerItemProxy;
			containerPortal = 16EB33EA2664684300D1B568 /* Project object */;
			proxyType = 1;
			remoteGlobalIDString = 16EB33F12664684300D1B568;
			remoteInfo = Sandy;
		};
/* End PBXContainerItemProxy section */

/* Begin PBXFileReference section */
		16EB33F22664684300D1B568 /* Sandy.app */ = {isa = PBXFileReference; explicitFileType = wrapper.application; includeInIndex = 0; path = Sandy.app; sourceTree = BUILT_PRODUCTS_DIR; };
		16EB33F52664684300D1B568 /* SandyApp.swift */ = {isa = PBXFileReference; lastKnownFileType = sourcecode.swift; path = SandyApp.swift; sourceTree = "<group>"; };
		16EB33F72664684300D1B568 /* ContentView.swift */ = {isa = PBXFileReference; lastKnownFileType = sourcecode.swift; path = ContentView.swift; sourceTree = "<group>"; };
		16EB33F92664684800D1B568 /* Assets.xcassets */ = {isa = PBXFileReference; lastKnownFileType = folder.assetcatalog; path = Assets.xcassets; sourceTree = "<group>"; };
		16EB33FC2664684800D1B568 /* Preview Assets.xcassets */ = {isa = PBXFileReference; lastKnownFileType = folder.assetcatalog; path = "Preview Assets.xcassets"; sourceTree = "<group>"; };
		16EB33FE2664684800D1B568 /* Info.plist */ = {isa = PBXFileReference; lastKnownFileType = text.plist.xml; path = Info.plist; sourceTree = "<group>"; };
		16EB34032664684800D1B568 /* SandyTests.xctest */ = {isa = PBXFileReference; explicitFileType = wrapper.cfbundle; includeInIndex = 0; path = SandyTests.xctest; sourceTree = BUILT_PRODUCTS_DIR; };
		16EB34072664684800D1B568 /* SandyTests.swift */ = {isa = PBXFileReference; lastKnownFileType = sourcecode.swift; path = SandyTests.swift; sourceTree = "<group>"; };
		16EB34092664684800D1B568 /* Info.plist */ = {isa = PBXFileReference; lastKnownFileType = text.plist.xml; path = Info.plist; sourceTree = "<group>"; };
		16EB340E2664684800D1B568 /* SandyUITests.xctest */ = {isa = PBXFileReference; explicitFileType = wrapper.cfbundle; includeInIndex = 0; path = SandyUITests.xctest; sourceTree = BUILT_PRODUCTS_DIR; };
		16EB34122664684800D1B568 /* SandyUITests.swift */ = {isa = PBXFileReference; lastKnownFileType = sourcecode.swift; path = SandyUITests.swift; sourceTree = "<group>"; };
		16EB34142664684800D1B568 /* Info.plist */ = {isa = PBXFileReference; lastKnownFileType = text.plist.xml; path = Info.plist; sourceTree = "<group>"; };
/* End PBXFileReference section */

/* Begin PBXFrameworksBuildPhase section */
		16EB33EF2664684300D1B568 /* Frameworks */ = {
			isa = PBXFrameworksBuildPhase;
			buildActionMask = 2147483647;
			files = (
				16EB3425266481D000D1B568 /* StockCharts in Frameworks */,
				16EB342226647B4B00D1B568 /* SwiftUICharts in Frameworks */,
			);
			runOnlyForDeploymentPostprocessing = 0;
		};
		16EB34002664684800D1B568 /* Frameworks */ = {
			isa = PBXFrameworksBuildPhase;
			buildActionMask = 2147483647;
			files = (
			);
			runOnlyForDeploymentPostprocessing = 0;
		};
		16EB340B2664684800D1B568 /* Frameworks */ = {
			isa = PBXFrameworksBuildPhase;
			buildActionMask = 2147483647;
			files = (
			);
			runOnlyForDeploymentPostprocessing = 0;
		};
/* End PBXFrameworksBuildPhase section */

/* Begin PBXGroup section */
		16EB33E92664684300D1B568 = {
			isa = PBXGroup;
			children = (
				16EB33F42664684300D1B568 /* Sandy */,
				16EB34062664684800D1B568 /* SandyTests */,
				16EB34112664684800D1B568 /* SandyUITests */,
				16EB33F32664684300D1B568 /* Products */,
			);
			sourceTree = "<group>";
		};
		16EB33F32664684300D1B568 /* Products */ = {
			isa = PBXGroup;
			children = (
				16EB33F22664684300D1B568 /* Sandy.app */,
				16EB34032664684800D1B568 /* SandyTests.xctest */,
				16EB340E2664684800D1B568 /* SandyUITests.xctest */,
			);
			name = Products;
			sourceTree = "<group>";
		};
		16EB33F42664684300D1B568 /* Sandy */ = {
			isa = PBXGroup;
			children = (
				16EB33F52664684300D1B568 /* SandyApp.swift */,
				16EB33F72664684300D1B568 /* ContentView.swift */,
				16EB33F92664684800D1B568 /* Assets.xcassets */,
				16EB33FE2664684800D1B568 /* Info.plist */,
				16EB33FB2664684800D1B568 /* Preview Content */,
			);
			path = Sandy;
			sourceTree = "<group>";
		};
		16EB33FB2664684800D1B568 /* Preview Content */ = {
			isa = PBXGroup;
			children = (
				16EB33FC2664684800D1B568 /* Preview Assets.xcassets */,
			);
			path = "Preview Content";
			sourceTree = "<group>";
		};
		16EB34062664684800D1B568 /* SandyTests */ = {
			isa = PBXGroup;
			children = (
				16EB34072664684800D1B568 /* SandyTests.swift */,
				16EB34092664684800D1B568 /* Info.plist */,
			);
			path = SandyTests;
			sourceTree = "<group>";
		};
		16EB34112664684800D1B568 /* SandyUITests */ = {
			isa = PBXGroup;
			children = (
				16EB34122664684800D1B568 /* SandyUITests.swift */,
				16EB34142664684800D1B568 /* Info.plist */,
			);
			path = SandyUITests;
			sourceTree = "<group>";
		};
/* End PBXGroup section */

/* Begin PBXNativeTarget section */
		16EB33F12664684300D1B568 /* Sandy */ = {
			isa = PBXNativeTarget;
			buildConfigurationList = 16EB34172664684800D1B568 /* Build configuration list for PBXNativeTarget "Sandy" */;
			buildPhases = (
				16EB33EE2664684300D1B568 /* Sources */,
				16EB33EF2664684300D1B568 /* Frameworks */,
				16EB33F02664684300D1B568 /* Resources */,
			);
			buildRules = (
			);
			dependencies = (
			);
			name = Sandy;
			packageProductDependencies = (
				16EB342126647B4B00D1B568 /* SwiftUICharts */,
				16EB3424266481D000D1B568 /* StockCharts */,
			);
			productName = Sandy;
			productReference = 16EB33F22664684300D1B568 /* Sandy.app */;
			productType = "com.apple.product-type.application";
		};
		16EB34022664684800D1B568 /* SandyTests */ = {
			isa = PBXNativeTarget;
			buildConfigurationList = 16EB341A2664684800D1B568 /* Build configuration list for PBXNativeTarget "SandyTests" */;
			buildPhases = (
				16EB33FF2664684800D1B568 /* Sources */,
				16EB34002664684800D1B568 /* Frameworks */,
				16EB34012664684800D1B568 /* Resources */,
			);
			buildRules = (
			);
			dependencies = (
				16EB34052664684800D1B568 /* PBXTargetDependency */,
			);
			name = SandyTests;
			productName = SandyTests;
			productReference = 16EB34032664684800D1B568 /* SandyTests.xctest */;
			productType = "com.apple.product-type.bundle.unit-test";
		};
		16EB340D2664684800D1B568 /* SandyUITests */ = {
			isa = PBXNativeTarget;
			buildConfigurationList = 16EB341D2664684800D1B568 /* Build configuration list for PBXNativeTarget "SandyUITests" */;
			buildPhases = (
				16EB340A2664684800D1B568 /* Sources */,
				16EB340B2664684800D1B568 /* Frameworks */,
				16EB340C2664684800D1B568 /* Resources */,
			);
			buildRules = (
			);
			dependencies = (
				16EB34102664684800D1B568 /* PBXTargetDependency */,
			);
			name = SandyUITests;
			productName = SandyUITests;
			productReference = 16EB340E2664684800D1B568 /* SandyUITests.xctest */;
			productType = "com.apple.product-type.bundle.ui-testing";
		};
/* End PBXNativeTarget section */

/* Begin PBXProject section */
		16EB33EA2664684300D1B568 /* Project object */ = {
			isa = PBXProject;
			attributes = {
				LastSwiftUpdateCheck = 1250;
				LastUpgradeCheck = 1250;
				TargetAttributes = {
					16EB33F12664684300D1B568 = {
						CreatedOnToolsVersion = 12.5;
					};
					16EB34022664684800D1B568 = {
						CreatedOnToolsVersion = 12.5;
						TestTargetID = 16EB33F12664684300D1B568;
					};
					16EB340D2664684800D1B568 = {
						CreatedOnToolsVersion = 12.5;
						TestTargetID = 16EB33F12664684300D1B568;
					};
				};
			};
			buildConfigurationList = 16EB33ED2664684300D1B568 /* Build configuration list for PBXProject "Sandy" */;
			compatibilityVersion = "Xcode 9.3";
			developmentRegion = en;
			hasScannedForEncodings = 0;
			knownRegions = (
				en,
				Base,
			);
			mainGroup = 16EB33E92664684300D1B568;
			packageReferences = (
				16EB342026647B4B00D1B568 /* XCRemoteSwiftPackageReference "ChartView" */,
				16EB3423266481D000D1B568 /* XCRemoteSwiftPackageReference "StockCharts" */,
			);
			productRefGroup = 16EB33F32664684300D1B568 /* Products */;
			projectDirPath = "";
			projectRoot = "";
			targets = (
				16EB33F12664684300D1B568 /* Sandy */,
				16EB34022664684800D1B568 /* SandyTests */,
				16EB340D2664684800D1B568 /* SandyUITests */,
			);
		};
/* End PBXProject section */

/* Begin PBXResourcesBuildPhase section */
		16EB33F02664684300D1B568 /* Resources */ = {
			isa = PBXResourcesBuildPhase;
			buildActionMask = 2147483647;
			files = (
				16EB33FD2664684800D1B568 /* Preview Assets.xcassets in Resources */,
				16EB33FA2664684800D1B568 /* Assets.xcassets in Resources */,
			);
			runOnlyForDeploymentPostprocessing = 0;
		};
		16EB34012664684800D1B568 /* Resources */ = {
			isa = PBXResourcesBuildPhase;
			buildActionMask = 2147483647;
			files = (
			);
			runOnlyForDeploymentPostprocessing = 0;
		};
		16EB340C2664684800D1B568 /* Resources */ = {
			isa = PBXResourcesBuildPhase;
			buildActionMask = 2147483647;
			files = (
			);
			runOnlyForDeploymentPostprocessing = 0;
		};
/* End PBXResourcesBuildPhase section */

/* Begin PBXSourcesBuildPhase section */
		16EB33EE2664684300D1B568 /* Sources */ = {
			isa = PBXSourcesBuildPhase;
			buildActionMask = 2147483647;
			files = (
				16EB33F82664684300D1B568 /* ContentView.swift in Sources */,
				16EB33F62664684300D1B568 /* SandyApp.swift in Sources */,
			);
			runOnlyForDeploymentPostprocessing = 0;
		};
		16EB33FF2664684800D1B568 /* Sources */ = {
			isa = PBXSourcesBuildPhase;
			buildActionMask = 2147483647;
			files = (
				16EB34082664684800D1B568 /* SandyTests.swift in Sources */,
			);
			runOnlyForDeploymentPostprocessing = 0;
		};
		16EB340A2664684800D1B568 /* Sources */ = {
			isa = PBXSourcesBuildPhase;
			buildActionMask = 2147483647;
			files = (
				16EB34132664684800D1B568 /* SandyUITests.swift in Sources */,
			);
			runOnlyForDeploymentPostprocessing = 0;
		};
/* End PBXSourcesBuildPhase section */

/* Begin PBXTargetDependency section */
		16EB34052664684800D1B568 /* PBXTargetDependency */ = {
			isa = PBXTargetDependency;
			target = 16EB33F12664684300D1B568 /* Sandy */;
			targetProxy = 16EB34042664684800D1B568 /* PBXContainerItemProxy */;
		};
		16EB34102664684800D1B568 /* PBXTargetDependency */ = {
			isa = PBXTargetDependency;
			target = 16EB33F12664684300D1B568 /* Sandy */;
			targetProxy = 16EB340F2664684800D1B568 /* PBXContainerItemProxy */;
		};
/* End PBXTargetDependency section */

/* Begin XCBuildConfiguration section */
		16EB34152664684800D1B568 /* Debug */ = {
			isa = XCBuildConfiguration;
			buildSettings = {
				ALWAYS_SEARCH_USER_PATHS = NO;
				CLANG_ANALYZER_NONNULL = YES;
				CLANG_ANALYZER_NUMBER_OBJECT_CONVERSION = YES_AGGRESSIVE;
				CLANG_CXX_LANGUAGE_STANDARD = "gnu++14";
				CLANG_CXX_LIBRARY = "libc++";
				CLANG_ENABLE_MODULES = YES;
				CLANG_ENABLE_OBJC_ARC = YES;
				CLANG_ENABLE_OBJC_WEAK = YES;
				CLANG_WARN_BLOCK_CAPTURE_AUTORELEASING = YES;
				CLANG_WARN_BOOL_CONVERSION = YES;
				CLANG_WARN_COMMA = YES;
				CLANG_WARN_CONSTANT_CONVERSION = YES;
				CLANG_WARN_DEPRECATED_OBJC_IMPLEMENTATIONS = YES;
				CLANG_WARN_DIRECT_OBJC_ISA_USAGE = YES_ERROR;
				CLANG_WARN_DOCUMENTATION_COMMENTS = YES;
				CLANG_WARN_EMPTY_BODY = YES;
				CLANG_WARN_ENUM_CONVERSION = YES;
				CLANG_WARN_INFINITE_RECURSION = YES;
				CLANG_WARN_INT_CONVERSION = YES;
				CLANG_WARN_NON_LITERAL_NULL_CONVERSION = YES;
				CLANG_WARN_OBJC_IMPLICIT_RETAIN_SELF = YES;
				CLANG_WARN_OBJC_LITERAL_CONVERSION = YES;
				CLANG_WARN_OBJC_ROOT_CLASS = YES_ERROR;
				CLANG_WARN_QUOTED_INCLUDE_IN_FRAMEWORK_HEADER = YES;
				CLANG_WARN_RANGE_LOOP_ANALYSIS = YES;
				CLANG_WARN_STRICT_PROTOTYPES = YES;
				CLANG_WARN_SUSPICIOUS_MOVE = YES;
				CLANG_WARN_UNGUARDED_AVAILABILITY = YES_AGGRESSIVE;
				CLANG_WARN_UNREACHABLE_CODE = YES;
				CLANG_WARN__DUPLICATE_METHOD_MATCH = YES;
				COPY_PHASE_STRIP = NO;
				DEBUG_INFORMATION_FORMAT = dwarf;
				ENABLE_STRICT_OBJC_MSGSEND = YES;
				ENABLE_TESTABILITY = YES;
				GCC_C_LANGUAGE_STANDARD = gnu11;
				GCC_DYNAMIC_NO_PIC = NO;
				GCC_NO_COMMON_BLOCKS = YES;
				GCC_OPTIMIZATION_LEVEL = 0;
				GCC_PREPROCESSOR_DEFINITIONS = (
					"DEBUG=1",
					"$(inherited)",
				);
				GCC_WARN_64_TO_32_BIT_CONVERSION = YES;
				GCC_WARN_ABOUT_RETURN_TYPE = YES_ERROR;
				GCC_WARN_UNDECLARED_SELECTOR = YES;
				GCC_WARN_UNINITIALIZED_AUTOS = YES_AGGRESSIVE;
				GCC_WARN_UNUSED_FUNCTION = YES;
				GCC_WARN_UNUSED_VARIABLE = YES;
				IPHONEOS_DEPLOYMENT_TARGET = 14.5;
				MTL_ENABLE_DEBUG_INFO = INCLUDE_SOURCE;
				MTL_FAST_MATH = YES;
				ONLY_ACTIVE_ARCH = YES;
				SDKROOT = iphoneos;
				SWIFT_ACTIVE_COMPILATION_CONDITIONS = DEBUG;
				SWIFT_OPTIMIZATION_LEVEL = "-Onone";
			};
			name = Debug;
		};
		16EB34162664684800D1B568 /* Release */ = {
			isa = XCBuildConfiguration;
			buildSettings = {
				ALWAYS_SEARCH_USER_PATHS = NO;
				CLANG_ANALYZER_NONNULL = YES;
				CLANG_ANALYZER_NUMBER_OBJECT_CONVERSION = YES_AGGRESSIVE;
				CLANG_CXX_LANGUAGE_STANDARD = "gnu++14";
				CLANG_CXX_LIBRARY = "libc++";
				CLANG_ENABLE_MODULES = YES;
				CLANG_ENABLE_OBJC_ARC = YES;
				CLANG_ENABLE_OBJC_WEAK = YES;
				CLANG_WARN_BLOCK_CAPTURE_AUTORELEASING = YES;
				CLANG_WARN_BOOL_CONVERSION = YES;
				CLANG_WARN_COMMA = YES;
				CLANG_WARN_CONSTANT_CONVERSION = YES;
				CLANG_WARN_DEPRECATED_OBJC_IMPLEMENTATIONS = YES;
				CLANG_WARN_DIRECT_OBJC_ISA_USAGE = YES_ERROR;
				CLANG_WARN_DOCUMENTATION_COMMENTS = YES;
				CLANG_WARN_EMPTY_BODY = YES;
				CLANG_WARN_ENUM_CONVERSION = YES;
				CLANG_WARN_INFINITE_RECURSION = YES;
				CLANG_WARN_INT_CONVERSION = YES;
				CLANG_WARN_NON_LITERAL_NULL_CONVERSION = YES;
				CLANG_WARN_OBJC_IMPLICIT_RETAIN_SELF = YES;
				CLANG_WARN_OBJC_LITERAL_CONVERSION = YES;
				CLANG_WARN_OBJC_ROOT_CLASS = YES_ERROR;
				CLANG_WARN_QUOTED_INCLUDE_IN_FRAMEWORK_HEADER = YES;
				CLANG_WARN_RANGE_LOOP_ANALYSIS = YES;
				CLANG_WARN_STRICT_PROTOTYPES = YES;
				CLANG_WARN_SUSPICIOUS_MOVE = YES;
				CLANG_WARN_UNGUARDED_AVAILABILITY = YES_AGGRESSIVE;
				CLANG_WARN_UNREACHABLE_CODE = YES;
				CLANG_WARN__DUPLICATE_METHOD_MATCH = YES;
				COPY_PHASE_STRIP = NO;
				DEBUG_INFORMATION_FORMAT = "dwarf-with-dsym";
				ENABLE_NS_ASSERTIONS = NO;
				ENABLE_STRICT_OBJC_MSGSEND = YES;
				GCC_C_LANGUAGE_STANDARD = gnu11;
				GCC_NO_COMMON_BLOCKS = YES;
				GCC_WARN_64_TO_32_BIT_CONVERSION = YES;
				GCC_WARN_ABOUT_RETURN_TYPE = YES_ERROR;
				GCC_WARN_UNDECLARED_SELECTOR = YES;
				GCC_WARN_UNINITIALIZED_AUTOS = YES_AGGRESSIVE;
				GCC_WARN_UNUSED_FUNCTION = YES;
				GCC_WARN_UNUSED_VARIABLE = YES;
				IPHONEOS_DEPLOYMENT_TARGET = 14.5;
				MTL_ENABLE_DEBUG_INFO = NO;
				MTL_FAST_MATH = YES;
				SDKROOT = iphoneos;
				SWIFT_COMPILATION_MODE = wholemodule;
				SWIFT_OPTIMIZATION_LEVEL = "-O";
				VALIDATE_PRODUCT = YES;
			};
			name = Release;
		};
		16EB34182664684800D1B568 /* Debug */ = {
			isa = XCBuildConfiguration;
			buildSettings = {
				ASSETCATALOG_COMPILER_APPICON_NAME = AppIcon;
				ASSETCATALOG_COMPILER_GLOBAL_ACCENT_COLOR_NAME = AccentColor;
				CODE_SIGN_STYLE = Automatic;
				DEVELOPMENT_ASSET_PATHS = "\"Sandy/Preview Content\"";
				DEVELOPMENT_TEAM = HY3LPP8363;
				ENABLE_PREVIEWS = YES;
				INFOPLIST_FILE = Sandy/Info.plist;
				IPHONEOS_DEPLOYMENT_TARGET = 14.0;
				LD_RUNPATH_SEARCH_PATHS = (
					"$(inherited)",
					"@executable_path/Frameworks",
				);
				PRODUCT_BUNDLE_IDENTIFIER = gumbad.Sandy;
				PRODUCT_NAME = "$(TARGET_NAME)";
				SWIFT_VERSION = 5.0;
				TARGETED_DEVICE_FAMILY = "1,2";
			};
			name = Debug;
		};
		16EB34192664684800D1B568 /* Release */ = {
			isa = XCBuildConfiguration;
			buildSettings = {
				ASSETCATALOG_COMPILER_APPICON_NAME = AppIcon;
				ASSETCATALOG_COMPILER_GLOBAL_ACCENT_COLOR_NAME = AccentColor;
				CODE_SIGN_STYLE = Automatic;
				DEVELOPMENT_ASSET_PATHS = "\"Sandy/Preview Content\"";
				DEVELOPMENT_TEAM = HY3LPP8363;
				ENABLE_PREVIEWS = YES;
				INFOPLIST_FILE = Sandy/Info.plist;
				IPHONEOS_DEPLOYMENT_TARGET = 14.0;
				LD_RUNPATH_SEARCH_PATHS = (
					"$(inherited)",
					"@executable_path/Frameworks",
				);
				PRODUCT_BUNDLE_IDENTIFIER = gumbad.Sandy;
				PRODUCT_NAME = "$(TARGET_NAME)";
				SWIFT_VERSION = 5.0;
				TARGETED_DEVICE_FAMILY = "1,2";
			};
			name = Release;
		};
		16EB341B2664684800D1B568 /* Debug */ = {
			isa = XCBuildConfiguration;
			buildSettings = {
				ALWAYS_EMBED_SWIFT_STANDARD_LIBRARIES = YES;
				BUNDLE_LOADER = "$(TEST_HOST)";
				CODE_SIGN_STYLE = Automatic;
				DEVELOPMENT_TEAM = HY3LPP8363;
				INFOPLIST_FILE = SandyTests/Info.plist;
				IPHONEOS_DEPLOYMENT_TARGET = 14.0;
				LD_RUNPATH_SEARCH_PATHS = (
					"$(inherited)",
					"@executable_path/Frameworks",
					"@loader_path/Frameworks",
				);
				PRODUCT_BUNDLE_IDENTIFIER = gumbad.SandyTests;
				PRODUCT_NAME = "$(TARGET_NAME)";
				SWIFT_VERSION = 5.0;
				TARGETED_DEVICE_FAMILY = "1,2";
				TEST_HOST = "$(BUILT_PRODUCTS_DIR)/Sandy.app/Sandy";
			};
			name = Debug;
		};
		16EB341C2664684800D1B568 /* Release */ = {
			isa = XCBuildConfiguration;
			buildSettings = {
				ALWAYS_EMBED_SWIFT_STANDARD_LIBRARIES = YES;
				BUNDLE_LOADER = "$(TEST_HOST)";
				CODE_SIGN_STYLE = Automatic;
				DEVELOPMENT_TEAM = HY3LPP8363;
				INFOPLIST_FILE = SandyTests/Info.plist;
				IPHONEOS_DEPLOYMENT_TARGET = 14.0;
				LD_RUNPATH_SEARCH_PATHS = (
					"$(inherited)",
					"@executable_path/Frameworks",
					"@loader_path/Frameworks",
				);
				PRODUCT_BUNDLE_IDENTIFIER = gumbad.SandyTests;
				PRODUCT_NAME = "$(TARGET_NAME)";
				SWIFT_VERSION = 5.0;
				TARGETED_DEVICE_FAMILY = "1,2";
				TEST_HOST = "$(BUILT_PRODUCTS_DIR)/Sandy.app/Sandy";
			};
			name = Release;
		};
		16EB341E2664684800D1B568 /* Debug */ = {
			isa = XCBuildConfiguration;
			buildSettings = {
				ALWAYS_EMBED_SWIFT_STANDARD_LIBRARIES = YES;
				CODE_SIGN_STYLE = Automatic;
				DEVELOPMENT_TEAM = HY3LPP8363;
				INFOPLIST_FILE = SandyUITests/Info.plist;
				LD_RUNPATH_SEARCH_PATHS = (
					"$(inherited)",
					"@executable_path/Frameworks",
					"@loader_path/Frameworks",
				);
				PRODUCT_BUNDLE_IDENTIFIER = gumbad.SandyUITests;
				PRODUCT_NAME = "$(TARGET_NAME)";
				SWIFT_VERSION = 5.0;
				TARGETED_DEVICE_FAMILY = "1,2";
				TEST_TARGET_NAME = Sandy;
			};
			name = Debug;
		};
		16EB341F2664684800D1B568 /* Release */ = {
			isa = XCBuildConfiguration;
			buildSettings = {
				ALWAYS_EMBED_SWIFT_STANDARD_LIBRARIES = YES;
				CODE_SIGN_STYLE = Automatic;
				DEVELOPMENT_TEAM = HY3LPP8363;
				INFOPLIST_FILE = SandyUITests/Info.plist;
				LD_RUNPATH_SEARCH_PATHS = (
					"$(inherited)",
					"@executable_path/Frameworks",
					"@loader_path/Frameworks",
				);
				PRODUCT_BUNDLE_IDENTIFIER = gumbad.SandyUITests;
				PRODUCT_NAME = "$(TARGET_NAME)";
				SWIFT_VERSION = 5.0;
				TARGETED_DEVICE_FAMILY = "1,2";
				TEST_TARGET_NAME = Sandy;
			};
			name = Release;
		};
/* End XCBuildConfiguration section */

/* Begin XCConfigurationList section */
		16EB33ED2664684300D1B568 /* Build configuration list for PBXProject "Sandy" */ = {
			isa = XCConfigurationList;
			buildConfigurations = (
				16EB34152664684800D1B568 /* Debug */,
				16EB34162664684800D1B568 /* Release */,
			);
			defaultConfigurationIsVisible = 0;
			defaultConfigurationName = Release;
		};
		16EB34172664684800D1B568 /* Build configuration list for PBXNativeTarget "Sandy" */ = {
			isa = XCConfigurationList;
			buildConfigurations = (
				16EB34182664684800D1B568 /* Debug */,
				16EB34192664684800D1B568 /* Release */,
			);
			defaultConfigurationIsVisible = 0;
			defaultConfigurationName = Release;
		};
		16EB341A2664684800D1B568 /* Build configuration list for PBXNativeTarget "SandyTests" */ = {
			isa = XCConfigurationList;
			buildConfigurations = (
				16EB341B2664684800D1B568 /* Debug */,
				16EB341C2664684800D1B568 /* Release */,
			);
			defaultConfigurationIsVisible = 0;
			defaultConfigurationName = Release;
		};
		16EB341D2664684800D1B568 /* Build configuration list for PBXNativeTarget "SandyUITests" */ = {
			isa = XCConfigurationList;
			buildConfigurations = (
				16EB341E2664684800D1B568 /* Debug */,
				16EB341F2664684800D1B568 /* Release */,
			);
			defaultConfigurationIsVisible = 0;
			defaultConfigurationName = Release;
		};
/* End XCConfigurationList section */

/* Begin XCRemoteSwiftPackageReference section */
		16EB342026647B4B00D1B568 /* XCRemoteSwiftPackageReference "ChartView" */ = {
			isa = XCRemoteSwiftPackageReference;
			repositoryURL = "https://github.com/AppPear/ChartView";
			requirement = {
				kind = upToNextMajorVersion;
				minimumVersion = 1.5.5;
			};
		};
		16EB3423266481D000D1B568 /* XCRemoteSwiftPackageReference "StockCharts" */ = {
			isa = XCRemoteSwiftPackageReference;
			repositoryURL = "https://github.com/denniscm190/StockCharts.git";
			requirement = {
				kind = upToNextMajorVersion;
				minimumVersion = 1.1.4;
			};
		};
/* End XCRemoteSwiftPackageReference section */

/* Begin XCSwiftPackageProductDependency section */
		16EB342126647B4B00D1B568 /* SwiftUICharts */ = {
			isa = XCSwiftPackageProductDependency;
			package = 16EB342026647B4B00D1B568 /* XCRemoteSwiftPackageReference "ChartView" */;
			productName = SwiftUICharts;
		};
		16EB3424266481D000D1B568 /* StockCharts */ = {
			isa = XCSwiftPackageProductDependency;
			package = 16EB3423266481D000D1B568 /* XCRemoteSwiftPackageReference "StockCharts" */;
			productName = StockCharts;
		};
/* End XCSwiftPackageProductDependency section */
	};
	rootObject = 16EB33EA2664684300D1B568 /* Project object */;
}
